
Microsoft Visual Studio Solution File, Format Version 12.00
# Visual Studio 2013
VisualStudioVersion = 12.0.21005.1
MinimumVisualStudioVersion = 10.0.40219.1
Project("{FAE04EC0-301F-11D3-BF4B-00C04F79EFBC}") = "Unidade6", "RaulRepositorio\Unidade6.csproj", "{586D0A0E-F037-4551-A84E-500F6EE4FEA4}"
EndProject
Project("{FAE04EC0-301F-11D3-BF4B-00C04F79EFBC}") = "Unidade7", "Unidade7\Unidade7.csproj", "{0B746BA3-A848-454A-A8D2-41FA3BBFB9C5}"
EndProject
Project("{FAE04EC0-301F-11D3-BF4B-00C04F79EFBC}") = "MedindoAFebreV", "MedindoAFebreV\MedindoAFebreV.csproj", "{3E0C2459-FA00-4856-AF82-3CF934583AA0}"
EndProject
Project("{FAE04EC0-301F-11D3-BF4B-00C04F79EFBC}") = "Unidade8", "Unidade8\Unidade8.csproj", "{B9F63940-1964-4A11-9B9E-C2B304F90E13}"
EndProject
Project("{FAE04EC0-301F-11D3-BF4B-00C04F79EFBC}") = "MedindoAFebreVI", "MedindoAFebreVI\MedindoAFebreVI.csproj", "{ABE39610-8209-4029-8962-1F3FD96A0492}"
EndProject
Project("{FAE04EC0-301F-11D3-BF4B-00C04F79EFBC}") = "Unidade9", "Unidade9\Unidade9.csproj", "{439C7850-81D6-49C1-B6D0-0290E45B0803}"
EndProject
Project("{FAE04EC0-301F-11D3-BF4B-00C04F79EFBC}") = "Unidade10", "Unidade10\Unidade10.csproj", "{1BEF8391-C4B1-45D9-98E5-7B7B179253CE}"
EndProject
Project("{FAE04EC0-301F-11D3-BF4B-00C04F79EFBC}") = "MedindoAFebreVII", "MedindoAFebreVII\MedindoAFebreVII.csproj", "{FB36760A-8182-4775-ADC1-F69C5AB3935A}"
EndProject
Global
	GlobalSection(SolutionConfigurationPlatforms) = preSolution
		Debug|Any CPU = Debug|Any CPU
		Release|Any CPU = Release|Any CPU
	EndGlobalSection
	GlobalSection(ProjectConfigurationPlatforms) = postSolution
		{586D0A0E-F037-4551-A84E-500F6EE4FEA4}.Debug|Any CPU.ActiveCfg = Debug|Any CPU
		{586D0A0E-F037-4551-A84E-500F6EE4FEA4}.Debug|Any CPU.Build.0 = Debug|Any CPU
		{586D0A0E-F037-4551-A84E-500F6EE4FEA4}.Release|Any CPU.ActiveCfg = Release|Any CPU
		{586D0A0E-F037-4551-A84E-500F6EE4FEA4}.Release|Any CPU.Build.0 = Release|Any CPU
		{0B746BA3-A848-454A-A8D2-41FA3BBFB9C5}.Debug|Any CPU.ActiveCfg = Debug|Any CPU
		{0B746BA3-A848-454A-A8D2-41FA3BBFB9C5}.Debug|Any CPU.Build.0 = Debug|Any CPU
		{0B746BA3-A848-454A-A8D2-41FA3BBFB9C5}.Release|Any CPU.ActiveCfg = Release|Any CPU
		{0B746BA3-A848-454A-A8D2-41FA3BBFB9C5}.Release|Any CPU.Build.0 = Release|Any CPU
		{3E0C2459-FA00-4856-AF82-3CF934583AA0}.Debug|Any CPU.ActiveCfg = Debug|Any CPU
		{3E0C2459-FA00-4856-AF82-3CF934583AA0}.Debug|Any CPU.Build.0 = Debug|Any CPU
		{3E0C2459-FA00-4856-AF82-3CF934583AA0}.Release|Any CPU.ActiveCfg = Release|Any CPU
		{3E0C2459-FA00-4856-AF82-3CF934583AA0}.Release|Any CPU.Build.0 = Release|Any CPU
		{B9F63940-1964-4A11-9B9E-C2B304F90E13}.Debug|Any CPU.ActiveCfg = Debug|Any CPU
		{B9F63940-1964-4A11-9B9E-C2B304F90E13}.Debug|Any CPU.Build.0 = Debug|Any CPU
		{B9F63940-1964-4A11-9B9E-C2B304F90E13}.Release|Any CPU.ActiveCfg = Release|Any CPU
		{B9F63940-1964-4A11-9B9E-C2B304F90E13}.Release|Any CPU.Build.0 = Release|Any CPU
		{ABE39610-8209-4029-8962-1F3FD96A0492}.Debug|Any CPU.ActiveCfg = Debug|Any CPU
		{ABE39610-8209-4029-8962-1F3FD96A0492}.Debug|Any CPU.Build.0 = Debug|Any CPU
		{ABE39610-8209-4029-8962-1F3FD96A0492}.Release|Any CPU.ActiveCfg = Release|Any CPU
		{ABE39610-8209-4029-8962-1F3FD96A0492}.Release|Any CPU.Build.0 = Release|Any CPU
		{439C7850-81D6-49C1-B6D0-0290E45B0803}.Debug|Any CPU.ActiveCfg = Debug|Any CPU
		{439C7850-81D6-49C1-B6D0-0290E45B0803}.Debug|Any CPU.Build.0 = Debug|Any CPU
		{439C7850-81D6-49C1-B6D0-0290E45B0803}.Release|Any CPU.ActiveCfg = Release|Any CPU
		{439C7850-81D6-49C1-B6D0-0290E45B0803}.Release|Any CPU.Build.0 = Release|Any CPU
		{1BEF8391-C4B1-45D9-98E5-7B7B179253CE}.Debug|Any CPU.ActiveCfg = Debug|Any CPU
		{1BEF8391-C4B1-45D9-98E5-7B7B179253CE}.Debug|Any CPU.Build.0 = Debug|Any CPU
		{1BEF8391-C4B1-45D9-98E5-7B7B179253CE}.Release|Any CPU.ActiveCfg = Release|Any CPU
		{1BEF8391-C4B1-45D9-98E5-7B7B179253CE}.Release|Any CPU.Build.0 = Release|Any CPU
		{FB36760A-8182-4775-ADC1-F69C5AB3935A}.Debug|Any CPU.ActiveCfg = Debug|Any CPU
		{FB36760A-8182-4775-ADC1-F69C5AB3935A}.Debug|Any CPU.Build.0 = Debug|Any CPU
		{FB36760A-8182-4775-ADC1-F69C5AB3935A}.Release|Any CPU.ActiveCfg = Release|Any CPU
		{FB36760A-8182-4775-ADC1-F69C5AB3935A}.Release|Any CPU.Build.0 = Release|Any CPU
	EndGlobalSection
	GlobalSection(SolutionProperties) = preSolution
		HideSolutionNode = FALSE
	EndGlobalSection
EndGlobal
